{
  "type": "commonjs",
  "name": "js",
  "version": "1.0.0",
  "lockfileVersion": 3,
  "requires": true,
  "packages": {
    "": {
      "name": "js",
      "version": "1.0.0",
      "license": "ISC",
      "dependencies": {
        "s-expression": "^3.1.1"
      }
    },
    "node_modules/s-expression": {
      "version": "3.1.1",
      "resolved": "https://registry.npmjs.org/s-expression/-/s-expression-3.1.1.tgz",
      "integrity": "sha512-VMsW7sIvixXfIDmDll7XCePMYYY52UlUtA7OlFQUovqj3XtQ2UkZkjjAvnSFW8o+SbswzUEeCBMmpAx9LS3qrg=="
    }
  }
}
